{
	"name": "import-fa-pro-test",
	"version": "1.0.0",
	"lockfileVersion": 1,
	"requires": true,
	"dependencies": {
		"@iconify/json-tools": {
			"version": "1.0.9",
			"resolved": "https://registry.npmjs.org/@iconify/json-tools/-/json-tools-1.0.9.tgz",
			"integrity": "sha512-l/c2siIH6shOSrGXgjiO5bax8uZgEZPoBARPezVg10SmSg/FIlD4tkqclqnbz09/Ya2baOjlF0YrHUFo9yk3Jg=="
		},
		"@iconify/tools": {
			"version": "1.3.13",
			"resolved": "https://registry.npmjs.org/@iconify/tools/-/tools-1.3.13.tgz",
			"integrity": "sha512-JP1SWIKYRdy+YzS+8d7hUEtaA+rJeCAEJX1V4r0ERZ8ab0uo/sTilnqiTKVTT/kZbh8ki/tgmkOaT1R5qX0yug==",
			"requires": {
				"@iconify/json-tools": "^1.0.8",
				"cheerio": "^0.22.0",
				"cyberalien-color": "^1.0.0",
				"simple-tokenizer": "^1.0.2",
				"svgo": "^1.3.2",
				"tmp": "^0.0.33"
			}
		},
		"@types/q": {
			"version": "1.5.4",
			"resolved": "https://registry.npmjs.org/@types/q/-/q-1.5.4.tgz",
			"integrity": "sha512-1HcDas8SEj4z1Wc696tH56G8OlRaH/sqZOynNNB+HF0WOeXPaxTtbYzJY2oEfiUxjSKjhCKr+MvR7dCHcEelug=="
		},
		"ansi-styles": {
			"version": "3.2.1",
			"resolved": "https://registry.npmjs.org/ansi-styles/-/ansi-styles-3.2.1.tgz",
			"integrity": "sha512-VT0ZI6kZRdTh8YyJw3SMbYm/u+NqfsAxEpWO0Pf9sq8/e94WxxOpPKx9FR1FlyCtOVDNOQ+8ntlqFxiRc+r5qA==",
			"requires": {
				"color-convert": "^1.9.0"
			}
		},
		"argparse": {
			"version": "1.0.10",
			"resolved": "https://registry.npmjs.org/argparse/-/argparse-1.0.10.tgz",
			"integrity": "sha512-o5Roy6tNG4SL/FOkCAN6RzjiakZS25RLYFrcMttJqbdd8BWrnA+fGz57iN5Pb06pvBGvl5gQ0B48dJlslXvoTg==",
			"requires": {
				"sprintf-js": "~1.0.2"
			}
		},
		"boolbase": {
			"version": "1.0.0",
			"resolved": "https://registry.npmjs.org/boolbase/-/boolbase-1.0.0.tgz",
			"integrity": "sha1-aN/1++YMUes3cl6p4+0xDcwed24="
		},
		"chalk": {
			"version": "2.4.2",
			"resolved": "https://registry.npmjs.org/chalk/-/chalk-2.4.2.tgz",
			"integrity": "sha512-Mti+f9lpJNcwF4tWV8/OrTTtF1gZi+f8FqlyAdouralcFWFQWF2+NgCHShjkCb+IFBLq9buZwE1xckQU4peSuQ==",
			"requires": {
				"ansi-styles": "^3.2.1",
				"escape-string-regexp": "^1.0.5",
				"supports-color": "^5.3.0"
			}
		},
		"cheerio": {
			"version": "0.22.0",
			"resolved": "https://registry.npmjs.org/cheerio/-/cheerio-0.22.0.tgz",
			"integrity": "sha1-qbqoYKP5tZWmuBsahocxIe06Jp4=",
			"requires": {
				"css-select": "~1.2.0",
				"dom-serializer": "~0.1.0",
				"entities": "~1.1.1",
				"htmlparser2": "^3.9.1",
				"lodash.assignin": "^4.0.9",
				"lodash.bind": "^4.1.4",
				"lodash.defaults": "^4.0.1",
				"lodash.filter": "^4.4.0",
				"lodash.flatten": "^4.2.0",
				"lodash.foreach": "^4.3.0",
				"lodash.map": "^4.4.0",
				"lodash.merge": "^4.4.0",
				"lodash.pick": "^4.2.1",
				"lodash.reduce": "^4.4.0",
				"lodash.reject": "^4.4.0",
				"lodash.some": "^4.4.0"
			}
		},
		"coa": {
			"version": "2.0.2",
			"resolved": "https://registry.npmjs.org/coa/-/coa-2.0.2.tgz",
			"integrity": "sha512-q5/jG+YQnSy4nRTV4F7lPepBJZ8qBNJJDBuJdoejDyLXgmL7IEo+Le2JDZudFTFt7mrCqIRaSjws4ygRCTCAXA==",
			"requires": {
				"@types/q": "^1.5.1",
				"chalk": "^2.4.1",
				"q": "^1.1.2"
			}
		},
		"color-convert": {
			"version": "1.9.3",
			"resolved": "https://registry.npmjs.org/color-convert/-/color-convert-1.9.3.tgz",
			"integrity": "sha512-QfAUtd+vFdAtFQcC8CCyYt1fYWxSqAiK2cSD6zDB8N3cpsEBAvRxp9zOGg6G/SHHJYAT88/az/IuDGALsNVbGg==",
			"requires": {
				"color-name": "1.1.3"
			}
		},
		"color-name": {
			"version": "1.1.3",
			"resolved": "https://registry.npmjs.org/color-name/-/color-name-1.1.3.tgz",
			"integrity": "sha1-p9BVi9icQveV3UIyj3QIMcpTvCU="
		},
		"css-select": {
			"version": "1.2.0",
			"resolved": "https://registry.npmjs.org/css-select/-/css-select-1.2.0.tgz",
			"integrity": "sha1-KzoRBTnFNV8c2NMUYj6HCxIeyFg=",
			"requires": {
				"boolbase": "~1.0.0",
				"css-what": "2.1",
				"domutils": "1.5.1",
				"nth-check": "~1.0.1"
			}
		},
		"css-select-base-adapter": {
			"version": "0.1.1",
			"resolved": "https://registry.npmjs.org/css-select-base-adapter/-/css-select-base-adapter-0.1.1.tgz",
			"integrity": "sha512-jQVeeRG70QI08vSTwf1jHxp74JoZsr2XSgETae8/xC8ovSnL2WF87GTLO86Sbwdt2lK4Umg4HnnwMO4YF3Ce7w=="
		},
		"css-tree": {
			"version": "1.0.0-alpha.37",
			"resolved": "https://registry.npmjs.org/css-tree/-/css-tree-1.0.0-alpha.37.tgz",
			"integrity": "sha512-DMxWJg0rnz7UgxKT0Q1HU/L9BeJI0M6ksor0OgqOnF+aRCDWg/N2641HmVyU9KVIu0OVVWOb2IpC9A+BJRnejg==",
			"requires": {
				"mdn-data": "2.0.4",
				"source-map": "^0.6.1"
			}
		},
		"css-what": {
			"version": "2.1.3",
			"resolved": "https://registry.npmjs.org/css-what/-/css-what-2.1.3.tgz",
			"integrity": "sha512-a+EPoD+uZiNfh+5fxw2nO9QwFa6nJe2Or35fGY6Ipw1R3R4AGz1d1TEZrCegvw2YTmZ0jXirGYlzxxpYSHwpEg=="
		},
		"csso": {
			"version": "4.0.3",
			"resolved": "https://registry.npmjs.org/csso/-/csso-4.0.3.tgz",
			"integrity": "sha512-NL3spysxUkcrOgnpsT4Xdl2aiEiBG6bXswAABQVHcMrfjjBisFOKwLDOmf4wf32aPdcJws1zds2B0Rg+jqMyHQ==",
			"requires": {
				"css-tree": "1.0.0-alpha.39"
			},
			"dependencies": {
				"css-tree": {
					"version": "1.0.0-alpha.39",
					"resolved": "https://registry.npmjs.org/css-tree/-/css-tree-1.0.0-alpha.39.tgz",
					"integrity": "sha512-7UvkEYgBAHRG9Nt980lYxjsTrCyHFN53ky3wVsDkiMdVqylqRt+Zc+jm5qw7/qyOvN2dHSYtX0e4MbCCExSvnA==",
					"requires": {
						"mdn-data": "2.0.6",
						"source-map": "^0.6.1"
					}
				},
				"mdn-data": {
					"version": "2.0.6",
					"resolved": "https://registry.npmjs.org/mdn-data/-/mdn-data-2.0.6.tgz",
					"integrity": "sha512-rQvjv71olwNHgiTbfPZFkJtjNMciWgswYeciZhtvWLO8bmX3TnhyA62I6sTWOyZssWHJJjY6/KiWwqQsWWsqOA=="
				}
			}
		},
		"cyberalien-color": {
			"version": "1.0.0",
			"resolved": "https://registry.npmjs.org/cyberalien-color/-/cyberalien-color-1.0.0.tgz",
			"integrity": "sha1-9/kTX+Daof9bNzs4W+mEGcJk/l4="
		},
		"define-properties": {
			"version": "1.1.3",
			"resolved": "https://registry.npmjs.org/define-properties/-/define-properties-1.1.3.tgz",
			"integrity": "sha512-3MqfYKj2lLzdMSf8ZIZE/V+Zuy+BgD6f164e8K2w7dgnpKArBDerGYpM46IYYcjnkdPNMjPk9A6VFB8+3SKlXQ==",
			"requires": {
				"object-keys": "^1.0.12"
			}
		},
		"dom-serializer": {
			"version": "0.1.1",
			"resolved": "https://registry.npmjs.org/dom-serializer/-/dom-serializer-0.1.1.tgz",
			"integrity": "sha512-l0IU0pPzLWSHBcieZbpOKgkIn3ts3vAh7ZuFyXNwJxJXk/c4Gwj9xaTJwIDVQCXawWD0qb3IzMGH5rglQaO0XA==",
			"requires": {
				"domelementtype": "^1.3.0",
				"entities": "^1.1.1"
			}
		},
		"domelementtype": {
			"version": "1.3.1",
			"resolved": "https://registry.npmjs.org/domelementtype/-/domelementtype-1.3.1.tgz",
			"integrity": "sha512-BSKB+TSpMpFI/HOxCNr1O8aMOTZ8hT3pM3GQ0w/mWRmkhEDSFJkkyzz4XQsBV44BChwGkrDfMyjVD0eA2aFV3w=="
		},
		"domhandler": {
			"version": "2.4.2",
			"resolved": "https://registry.npmjs.org/domhandler/-/domhandler-2.4.2.tgz",
			"integrity": "sha512-JiK04h0Ht5u/80fdLMCEmV4zkNh2BcoMFBmZ/91WtYZ8qVXSKjiw7fXMgFPnHcSZgOo3XdinHvmnDUeMf5R4wA==",
			"requires": {
				"domelementtype": "1"
			}
		},
		"domutils": {
			"version": "1.5.1",
			"resolved": "https://registry.npmjs.org/domutils/-/domutils-1.5.1.tgz",
			"integrity": "sha1-3NhIiib1Y9YQeeSMn3t+Mjc2gs8=",
			"requires": {
				"dom-serializer": "0",
				"domelementtype": "1"
			}
		},
		"entities": {
			"version": "1.1.2",
			"resolved": "https://registry.npmjs.org/entities/-/entities-1.1.2.tgz",
			"integrity": "sha512-f2LZMYl1Fzu7YSBKg+RoROelpOaNrcGmE9AZubeDfrCEia483oW4MI4VyFd5VNHIgQ/7qm1I0wUHK1eJnn2y2w=="
		},
		"es-abstract": {
			"version": "1.17.6",
			"resolved": "https://registry.npmjs.org/es-abstract/-/es-abstract-1.17.6.tgz",
			"integrity": "sha512-Fr89bON3WFyUi5EvAeI48QTWX0AyekGgLA8H+c+7fbfCkJwRWRMLd8CQedNEyJuoYYhmtEqY92pgte1FAhBlhw==",
			"requires": {
				"es-to-primitive": "^1.2.1",
				"function-bind": "^1.1.1",
				"has": "^1.0.3",
				"has-symbols": "^1.0.1",
				"is-callable": "^1.2.0",
				"is-regex": "^1.1.0",
				"object-inspect": "^1.7.0",
				"object-keys": "^1.1.1",
				"object.assign": "^4.1.0",
				"string.prototype.trimend": "^1.0.1",
				"string.prototype.trimstart": "^1.0.1"
			}
		},
		"es-to-primitive": {
			"version": "1.2.1",
			"resolved": "https://registry.npmjs.org/es-to-primitive/-/es-to-primitive-1.2.1.tgz",
			"integrity": "sha512-QCOllgZJtaUo9miYBcLChTUaHNjJF3PYs1VidD7AwiEj1kYxKeQTctLAezAOH5ZKRH0g2IgPn6KwB4IT8iRpvA==",
			"requires": {
				"is-callable": "^1.1.4",
				"is-date-object": "^1.0.1",
				"is-symbol": "^1.0.2"
			}
		},
		"escape-string-regexp": {
			"version": "1.0.5",
			"resolved": "https://registry.npmjs.org/escape-string-regexp/-/escape-string-regexp-1.0.5.tgz",
			"integrity": "sha1-G2HAViGQqN/2rjuyzwIAyhMLhtQ="
		},
		"esprima": {
			"version": "4.0.1",
			"resolved": "https://registry.npmjs.org/esprima/-/esprima-4.0.1.tgz",
			"integrity": "sha512-eGuFFw7Upda+g4p+QHvnW0RyTX/SVeJBDM/gCtMARO0cLuT2HcEKnTPvhjV6aGeqrCB/sbNop0Kszm0jsaWU4A=="
		},
		"font-awesome-pro": {
			"version": "git+https://github.com/FortAwesome/Font-Awesome-Pro.git#3db416026d30508978343a73b3f8932c2acc23e5",
			"from": "git+https://github.com/FortAwesome/Font-Awesome-Pro.git"
		},
		"function-bind": {
			"version": "1.1.1",
			"resolved": "https://registry.npmjs.org/function-bind/-/function-bind-1.1.1.tgz",
			"integrity": "sha512-yIovAzMX49sF8Yl58fSCWJ5svSLuaibPxXQJFLmBObTuCr0Mf1KiPopGM9NiFjiYBCbfaa2Fh6breQ6ANVTI0A=="
		},
		"has": {
			"version": "1.0.3",
			"resolved": "https://registry.npmjs.org/has/-/has-1.0.3.tgz",
			"integrity": "sha512-f2dvO0VU6Oej7RkWJGrehjbzMAjFp5/VKPp5tTpWIV4JHHZK1/BxbFRtf/siA2SWTe09caDmVtYYzWEIbBS4zw==",
			"requires": {
				"function-bind": "^1.1.1"
			}
		},
		"has-flag": {
			"version": "3.0.0",
			"resolved": "https://registry.npmjs.org/has-flag/-/has-flag-3.0.0.tgz",
			"integrity": "sha1-tdRU3CGZriJWmfNGfloH87lVuv0="
		},
		"has-symbols": {
			"version": "1.0.1",
			"resolved": "https://registry.npmjs.org/has-symbols/-/has-symbols-1.0.1.tgz",
			"integrity": "sha512-PLcsoqu++dmEIZB+6totNFKq/7Do+Z0u4oT0zKOJNl3lYK6vGwwu2hjHs+68OEZbTjiUE9bgOABXbP/GvrS0Kg=="
		},
		"htmlparser2": {
			"version": "3.10.1",
			"resolved": "https://registry.npmjs.org/htmlparser2/-/htmlparser2-3.10.1.tgz",
			"integrity": "sha512-IgieNijUMbkDovyoKObU1DUhm1iwNYE/fuifEoEHfd1oZKZDaONBSkal7Y01shxsM49R4XaMdGez3WnF9UfiCQ==",
			"requires": {
				"domelementtype": "^1.3.1",
				"domhandler": "^2.3.0",
				"domutils": "^1.5.1",
				"entities": "^1.1.1",
				"inherits": "^2.0.1",
				"readable-stream": "^3.1.1"
			}
		},
		"inherits": {
			"version": "2.0.4",
			"resolved": "https://registry.npmjs.org/inherits/-/inherits-2.0.4.tgz",
			"integrity": "sha512-k/vGaX4/Yla3WzyMCvTQOXYeIHvqOKtnqBduzTHpzpQZzAskKMhZ2K+EnBiSM9zGSoIFeMpXKxa4dYeZIQqewQ=="
		},
		"is-callable": {
			"version": "1.2.0",
			"resolved": "https://registry.npmjs.org/is-callable/-/is-callable-1.2.0.tgz",
			"integrity": "sha512-pyVD9AaGLxtg6srb2Ng6ynWJqkHU9bEM087AKck0w8QwDarTfNcpIYoU8x8Hv2Icm8u6kFJM18Dag8lyqGkviw=="
		},
		"is-date-object": {
			"version": "1.0.2",
			"resolved": "https://registry.npmjs.org/is-date-object/-/is-date-object-1.0.2.tgz",
			"integrity": "sha512-USlDT524woQ08aoZFzh3/Z6ch9Y/EWXEHQ/AaRN0SkKq4t2Jw2R2339tSXmwuVoY7LLlBCbOIlx2myP/L5zk0g=="
		},
		"is-regex": {
			"version": "1.1.0",
			"resolved": "https://registry.npmjs.org/is-regex/-/is-regex-1.1.0.tgz",
			"integrity": "sha512-iI97M8KTWID2la5uYXlkbSDQIg4F6o1sYboZKKTDpnDQMLtUL86zxhgDet3Q2SriaYsyGqZ6Mn2SjbRKeLHdqw==",
			"requires": {
				"has-symbols": "^1.0.1"
			}
		},
		"is-symbol": {
			"version": "1.0.3",
			"resolved": "https://registry.npmjs.org/is-symbol/-/is-symbol-1.0.3.tgz",
			"integrity": "sha512-OwijhaRSgqvhm/0ZdAcXNZt9lYdKFpcRDT5ULUuYXPoT794UNOdU+gpT6Rzo7b4V2HUl/op6GqY894AZwv9faQ==",
			"requires": {
				"has-symbols": "^1.0.1"
			}
		},
		"js-yaml": {
			"version": "3.14.0",
			"resolved": "https://registry.npmjs.org/js-yaml/-/js-yaml-3.14.0.tgz",
			"integrity": "sha512-/4IbIeHcD9VMHFqDR/gQ7EdZdLimOvW2DdcxFjdyyZ9NsbS+ccrXqVWDtab/lRl5AlUqmpBx8EhPaWR+OtY17A==",
			"requires": {
				"argparse": "^1.0.7",
				"esprima": "^4.0.0"
			}
		},
		"lodash.assignin": {
			"version": "4.2.0",
			"resolved": "https://registry.npmjs.org/lodash.assignin/-/lodash.assignin-4.2.0.tgz",
			"integrity": "sha1-uo31+4QesKPoBEIysOJjqNxqKKI="
		},
		"lodash.bind": {
			"version": "4.2.1",
			"resolved": "https://registry.npmjs.org/lodash.bind/-/lodash.bind-4.2.1.tgz",
			"integrity": "sha1-euMBfpOWIqwxt9fX3LGzTbFpDTU="
		},
		"lodash.defaults": {
			"version": "4.2.0",
			"resolved": "https://registry.npmjs.org/lodash.defaults/-/lodash.defaults-4.2.0.tgz",
			"integrity": "sha1-0JF4cW/+pN3p5ft7N/bwgCJ0WAw="
		},
		"lodash.filter": {
			"version": "4.6.0",
			"resolved": "https://registry.npmjs.org/lodash.filter/-/lodash.filter-4.6.0.tgz",
			"integrity": "sha1-ZosdSYFgOuHMWm+nYBQ+SAtMSs4="
		},
		"lodash.flatten": {
			"version": "4.4.0",
			"resolved": "https://registry.npmjs.org/lodash.flatten/-/lodash.flatten-4.4.0.tgz",
			"integrity": "sha1-8xwiIlqWMtK7+OSt2+8kCqdlph8="
		},
		"lodash.foreach": {
			"version": "4.5.0",
			"resolved": "https://registry.npmjs.org/lodash.foreach/-/lodash.foreach-4.5.0.tgz",
			"integrity": "sha1-Gmo16s5AEoDH8G3d7DUWWrJ+PlM="
		},
		"lodash.map": {
			"version": "4.6.0",
			"resolved": "https://registry.npmjs.org/lodash.map/-/lodash.map-4.6.0.tgz",
			"integrity": "sha1-dx7Hg540c9nEzeKLGTlMNWL09tM="
		},
		"lodash.merge": {
			"version": "4.6.2",
			"resolved": "https://registry.npmjs.org/lodash.merge/-/lodash.merge-4.6.2.tgz",
			"integrity": "sha512-0KpjqXRVvrYyCsX1swR/XTK0va6VQkQM6MNo7PqW77ByjAhoARA8EfrP1N4+KlKj8YS0ZUCtRT/YUuhyYDujIQ=="
		},
		"lodash.pick": {
			"version": "4.4.0",
			"resolved": "https://registry.npmjs.org/lodash.pick/-/lodash.pick-4.4.0.tgz",
			"integrity": "sha1-UvBWEP/53tQiYRRB7R/BI6AwAbM="
		},
		"lodash.reduce": {
			"version": "4.6.0",
			"resolved": "https://registry.npmjs.org/lodash.reduce/-/lodash.reduce-4.6.0.tgz",
			"integrity": "sha1-8atrg5KZrUj3hKu/R2WW8DuRTTs="
		},
		"lodash.reject": {
			"version": "4.6.0",
			"resolved": "https://registry.npmjs.org/lodash.reject/-/lodash.reject-4.6.0.tgz",
			"integrity": "sha1-gNZJLcFHCGS79YNTO2UfQqn1JBU="
		},
		"lodash.some": {
			"version": "4.6.0",
			"resolved": "https://registry.npmjs.org/lodash.some/-/lodash.some-4.6.0.tgz",
			"integrity": "sha1-G7nzFO9ri63tE7VJFpsqlF62jk0="
		},
		"mdn-data": {
			"version": "2.0.4",
			"resolved": "https://registry.npmjs.org/mdn-data/-/mdn-data-2.0.4.tgz",
			"integrity": "sha512-iV3XNKw06j5Q7mi6h+9vbx23Tv7JkjEVgKHW4pimwyDGWm0OIQntJJ+u1C6mg6mK1EaTv42XQ7w76yuzH7M2cA=="
		},
		"minimist": {
			"version": "1.2.5",
			"resolved": "https://registry.npmjs.org/minimist/-/minimist-1.2.5.tgz",
			"integrity": "sha512-FM9nNUYrRBAELZQT3xeZQ7fmMOBg6nWNmJKTcgsJeaLstP/UODVpGsr5OhXhhXg6f+qtJ8uiZ+PUxkDWcgIXLw=="
		},
		"mkdirp": {
			"version": "0.5.5",
			"resolved": "https://registry.npmjs.org/mkdirp/-/mkdirp-0.5.5.tgz",
			"integrity": "sha512-NKmAlESf6jMGym1++R0Ra7wvhV+wFW63FaSOFPwRahvea0gMUcGUhVeAg/0BC0wiv9ih5NYPB1Wn1UEI1/L+xQ==",
			"requires": {
				"minimist": "^1.2.5"
			}
		},
		"nth-check": {
			"version": "1.0.2",
			"resolved": "https://registry.npmjs.org/nth-check/-/nth-check-1.0.2.tgz",
			"integrity": "sha512-WeBOdju8SnzPN5vTUJYxYUxLeXpCaVP5i5e0LF8fg7WORF2Wd7wFX/pk0tYZk7s8T+J7VLy0Da6J1+wCT0AtHg==",
			"requires": {
				"boolbase": "~1.0.0"
			}
		},
		"object-inspect": {
			"version": "1.8.0",
			"resolved": "https://registry.npmjs.org/object-inspect/-/object-inspect-1.8.0.tgz",
			"integrity": "sha512-jLdtEOB112fORuypAyl/50VRVIBIdVQOSUUGQHzJ4xBSbit81zRarz7GThkEFZy1RceYrWYcPcBFPQwHyAc1gA=="
		},
		"object-keys": {
			"version": "1.1.1",
			"resolved": "https://registry.npmjs.org/object-keys/-/object-keys-1.1.1.tgz",
			"integrity": "sha512-NuAESUOUMrlIXOfHKzD6bpPu3tYt3xvjNdRIQ+FeT0lNb4K8WR70CaDxhuNguS2XG+GjkyMwOzsN5ZktImfhLA=="
		},
		"object.assign": {
			"version": "4.1.0",
			"resolved": "https://registry.npmjs.org/object.assign/-/object.assign-4.1.0.tgz",
			"integrity": "sha512-exHJeq6kBKj58mqGyTQ9DFvrZC/eR6OwxzoM9YRoGBqrXYonaFyGiFMuc9VZrXf7DarreEwMpurG3dd+CNyW5w==",
			"requires": {
				"define-properties": "^1.1.2",
				"function-bind": "^1.1.1",
				"has-symbols": "^1.0.0",
				"object-keys": "^1.0.11"
			}
		},
		"object.getownpropertydescriptors": {
			"version": "2.1.0",
			"resolved": "https://registry.npmjs.org/object.getownpropertydescriptors/-/object.getownpropertydescriptors-2.1.0.tgz",
			"integrity": "sha512-Z53Oah9A3TdLoblT7VKJaTDdXdT+lQO+cNpKVnya5JDe9uLvzu1YyY1yFDFrcxrlRgWrEFH0jJtD/IbuwjcEVg==",
			"requires": {
				"define-properties": "^1.1.3",
				"es-abstract": "^1.17.0-next.1"
			}
		},
		"object.values": {
			"version": "1.1.1",
			"resolved": "https://registry.npmjs.org/object.values/-/object.values-1.1.1.tgz",
			"integrity": "sha512-WTa54g2K8iu0kmS/us18jEmdv1a4Wi//BZ/DTVYEcH0XhLM5NYdpDHja3gt57VrZLcNAO2WGA+KpWsDBaHt6eA==",
			"requires": {
				"define-properties": "^1.1.3",
				"es-abstract": "^1.17.0-next.1",
				"function-bind": "^1.1.1",
				"has": "^1.0.3"
			}
		},
		"os-tmpdir": {
			"version": "1.0.2",
			"resolved": "https://registry.npmjs.org/os-tmpdir/-/os-tmpdir-1.0.2.tgz",
			"integrity": "sha1-u+Z0BseaqFxc/sdm/lc0VV36EnQ="
		},
		"q": {
			"version": "1.5.1",
			"resolved": "https://registry.npmjs.org/q/-/q-1.5.1.tgz",
			"integrity": "sha1-fjL3W0E4EpHQRhHxvxQQmsAGUdc="
		},
		"readable-stream": {
			"version": "3.6.0",
			"resolved": "https://registry.npmjs.org/readable-stream/-/readable-stream-3.6.0.tgz",
			"integrity": "sha512-BViHy7LKeTz4oNnkcLJ+lVSL6vpiFeX6/d3oSH8zCW7UxP2onchk+vTGB143xuFjHS3deTgkKoXXymXqymiIdA==",
			"requires": {
				"inherits": "^2.0.3",
				"string_decoder": "^1.1.1",
				"util-deprecate": "^1.0.1"
			}
		},
		"safe-buffer": {
			"version": "5.2.1",
			"resolved": "https://registry.npmjs.org/safe-buffer/-/safe-buffer-5.2.1.tgz",
			"integrity": "sha512-rp3So07KcdmmKbGvgaNxQSJr7bGVSVk5S9Eq1F+ppbRo70+YeaDxkw5Dd8NPN+GD6bjnYm2VuPuCXmpuYvmCXQ=="
		},
		"sax": {
			"version": "1.2.4",
			"resolved": "https://registry.npmjs.org/sax/-/sax-1.2.4.tgz",
			"integrity": "sha512-NqVDv9TpANUjFm0N8uM5GxL36UgKi9/atZw+x7YFnQ8ckwFGKrl4xX4yWtrey3UJm5nP1kUbnYgLopqWNSRhWw=="
		},
		"simple-tokenizer": {
			"version": "1.0.2",
			"resolved": "https://registry.npmjs.org/simple-tokenizer/-/simple-tokenizer-1.0.2.tgz",
			"integrity": "sha1-OFRJm9jkYhBGq0iNgZXtFMUZ/0E="
		},
		"source-map": {
			"version": "0.6.1",
			"resolved": "https://registry.npmjs.org/source-map/-/source-map-0.6.1.tgz",
			"integrity": "sha512-UjgapumWlbMhkBgzT7Ykc5YXUT46F0iKu8SGXq0bcwP5dz/h0Plj6enJqjz1Zbq2l5WaqYnrVbwWOWMyF3F47g=="
		},
		"sprintf-js": {
			"version": "1.0.3",
			"resolved": "https://registry.npmjs.org/sprintf-js/-/sprintf-js-1.0.3.tgz",
			"integrity": "sha1-BOaSb2YolTVPPdAVIDYzuFcpfiw="
		},
		"stable": {
			"version": "0.1.8",
			"resolved": "https://registry.npmjs.org/stable/-/stable-0.1.8.tgz",
			"integrity": "sha512-ji9qxRnOVfcuLDySj9qzhGSEFVobyt1kIOSkj1qZzYLzq7Tos/oUUWvotUPQLlrsidqsK6tBH89Bc9kL5zHA6w=="
		},
		"string.prototype.trimend": {
			"version": "1.0.1",
			"resolved": "https://registry.npmjs.org/string.prototype.trimend/-/string.prototype.trimend-1.0.1.tgz",
			"integrity": "sha512-LRPxFUaTtpqYsTeNKaFOw3R4bxIzWOnbQ837QfBylo8jIxtcbK/A/sMV7Q+OAV/vWo+7s25pOE10KYSjaSO06g==",
			"requires": {
				"define-properties": "^1.1.3",
				"es-abstract": "^1.17.5"
			}
		},
		"string.prototype.trimstart": {
			"version": "1.0.1",
			"resolved": "https://registry.npmjs.org/string.prototype.trimstart/-/string.prototype.trimstart-1.0.1.tgz",
			"integrity": "sha512-XxZn+QpvrBI1FOcg6dIpxUPgWCPuNXvMD72aaRaUQv1eD4e/Qy8i/hFTe0BUmD60p/QA6bh1avmuPTfNjqVWRw==",
			"requires": {
				"define-properties": "^1.1.3",
				"es-abstract": "^1.17.5"
			}
		},
		"string_decoder": {
			"version": "1.3.0",
			"resolved": "https://registry.npmjs.org/string_decoder/-/string_decoder-1.3.0.tgz",
			"integrity": "sha512-hkRX8U1WjJFd8LsDJ2yQ/wWWxaopEsABU1XfkM8A+j0+85JAGppt16cr1Whg6KIbb4okU6Mql6BOj+uup/wKeA==",
			"requires": {
				"safe-buffer": "~5.2.0"
			}
		},
		"supports-color": {
			"version": "5.5.0",
			"resolved": "https://registry.npmjs.org/supports-color/-/supports-color-5.5.0.tgz",
			"integrity": "sha512-QjVjwdXIt408MIiAqCX4oUKsgU2EqAGzs2Ppkm4aQYbjm+ZEWEcW4SfFNTr4uMNZma0ey4f5lgLrkB0aX0QMow==",
			"requires": {
				"has-flag": "^3.0.0"
			}
		},
		"svgo": {
			"version": "1.3.2",
			"resolved": "https://registry.npmjs.org/svgo/-/svgo-1.3.2.tgz",
			"integrity": "sha512-yhy/sQYxR5BkC98CY7o31VGsg014AKLEPxdfhora76l36hD9Rdy5NZA/Ocn6yayNPgSamYdtX2rFJdcv07AYVw==",
			"requires": {
				"chalk": "^2.4.1",
				"coa": "^2.0.2",
				"css-select": "^2.0.0",
				"css-select-base-adapter": "^0.1.1",
				"css-tree": "1.0.0-alpha.37",
				"csso": "^4.0.2",
				"js-yaml": "^3.13.1",
				"mkdirp": "~0.5.1",
				"object.values": "^1.1.0",
				"sax": "~1.2.4",
				"stable": "^0.1.8",
				"unquote": "~1.1.1",
				"util.promisify": "~1.0.0"
			},
			"dependencies": {
				"css-select": {
					"version": "2.1.0",
					"resolved": "https://registry.npmjs.org/css-select/-/css-select-2.1.0.tgz",
					"integrity": "sha512-Dqk7LQKpwLoH3VovzZnkzegqNSuAziQyNZUcrdDM401iY+R5NkGBXGmtO05/yaXQziALuPogeG0b7UAgjnTJTQ==",
					"requires": {
						"boolbase": "^1.0.0",
						"css-what": "^3.2.1",
						"domutils": "^1.7.0",
						"nth-check": "^1.0.2"
					}
				},
				"css-what": {
					"version": "3.3.0",
					"resolved": "https://registry.npmjs.org/css-what/-/css-what-3.3.0.tgz",
					"integrity": "sha512-pv9JPyatiPaQ6pf4OvD/dbfm0o5LviWmwxNWzblYf/1u9QZd0ihV+PMwy5jdQWQ3349kZmKEx9WXuSka2dM4cg=="
				},
				"domutils": {
					"version": "1.7.0",
					"resolved": "https://registry.npmjs.org/domutils/-/domutils-1.7.0.tgz",
					"integrity": "sha512-Lgd2XcJ/NjEw+7tFvfKxOzCYKZsdct5lczQ2ZaQY8Djz7pfAD3Gbp8ySJWtreII/vDlMVmxwa6pHmdxIYgttDg==",
					"requires": {
						"dom-serializer": "0",
						"domelementtype": "1"
					}
				}
			}
		},
		"tmp": {
			"version": "0.0.33",
			"resolved": "https://registry.npmjs.org/tmp/-/tmp-0.0.33.tgz",
			"integrity": "sha512-jRCJlojKnZ3addtTOjdIqoRuPEKBvNXcGYqzO6zWZX8KfKEpnGY5jfggJQ3EjKuu8D4bJRr0y+cYJFmYbImXGw==",
			"requires": {
				"os-tmpdir": "~1.0.2"
			}
		},
		"unquote": {
			"version": "1.1.1",
			"resolved": "https://registry.npmjs.org/unquote/-/unquote-1.1.1.tgz",
			"integrity": "sha1-j97XMk7G6IoP+LkF58CYzcCG1UQ="
		},
		"util-deprecate": {
			"version": "1.0.2",
			"resolved": "https://registry.npmjs.org/util-deprecate/-/util-deprecate-1.0.2.tgz",
			"integrity": "sha1-RQ1Nyfpw3nMnYvvS1KKJgUGaDM8="
		},
		"util.promisify": {
			"version": "1.0.1",
			"resolved": "https://registry.npmjs.org/util.promisify/-/util.promisify-1.0.1.tgz",
			"integrity": "sha512-g9JpC/3He3bm38zsLupWryXHoEcS22YHthuPQSJdMy6KNrzIRzWqcsHzD/WUnqe45whVou4VIsPew37DoXWNrA==",
			"requires": {
				"define-properties": "^1.1.3",
				"es-abstract": "^1.17.2",
				"has-symbols": "^1.0.1",
				"object.getownpropertydescriptors": "^2.1.0"
			}
		}
	}
}
